
Microsoft Visual Studio Solution File, Format Version 12.00
# Visual Studio 15
VisualStudioVersion = 15.0.27428.2043
MinimumVisualStudioVersion = 10.0.40219.1
Project("{FAE04EC0-301F-11D3-BF4B-00C04F79EFBC}") = "Demo", "Demo\Demo.csproj", "{ECED2DE4-3090-4FA5-8738-34AF16B83BED}"
EndProject
Project("{FAE04EC0-301F-11D3-BF4B-00C04F79EFBC}") = "ReverseAnArrayOfIntegers", "ReverseAnArrayOfIntegers\ReverseAnArrayOfIntegers.csproj", "{8AA5BABC-F0CE-4C67-A7B5-DE2F84F29922}"
EndProject
Project("{FAE04EC0-301F-11D3-BF4B-00C04F79EFBC}") = "TrippleSum", "TrippleSum\TrippleSum.csproj", "{FE1D0498-7F54-49A2-A71D-0AFBDF620888}"
EndProject
Global
	GlobalSection(SolutionConfigurationPlatforms) = preSolution
		Debug|Any CPU = Debug|Any CPU
		Release|Any CPU = Release|Any CPU
	EndGlobalSection
	GlobalSection(ProjectConfigurationPlatforms) = postSolution
		{ECED2DE4-3090-4FA5-8738-34AF16B83BED}.Debug|Any CPU.ActiveCfg = Debug|Any CPU
		{ECED2DE4-3090-4FA5-8738-34AF16B83BED}.Debug|Any CPU.Build.0 = Debug|Any CPU
		{ECED2DE4-3090-4FA5-8738-34AF16B83BED}.Release|Any CPU.ActiveCfg = Release|Any CPU
		{ECED2DE4-3090-4FA5-8738-34AF16B83BED}.Release|Any CPU.Build.0 = Release|Any CPU
		{8AA5BABC-F0CE-4C67-A7B5-DE2F84F29922}.Debug|Any CPU.ActiveCfg = Debug|Any CPU
		{8AA5BABC-F0CE-4C67-A7B5-DE2F84F29922}.Debug|Any CPU.Build.0 = Debug|Any CPU
		{8AA5BABC-F0CE-4C67-A7B5-DE2F84F29922}.Release|Any CPU.ActiveCfg = Release|Any CPU
		{8AA5BABC-F0CE-4C67-A7B5-DE2F84F29922}.Release|Any CPU.Build.0 = Release|Any CPU
		{FE1D0498-7F54-49A2-A71D-0AFBDF620888}.Debug|Any CPU.ActiveCfg = Debug|Any CPU
		{FE1D0498-7F54-49A2-A71D-0AFBDF620888}.Debug|Any CPU.Build.0 = Debug|Any CPU
		{FE1D0498-7F54-49A2-A71D-0AFBDF620888}.Release|Any CPU.ActiveCfg = Release|Any CPU
		{FE1D0498-7F54-49A2-A71D-0AFBDF620888}.Release|Any CPU.Build.0 = Release|Any CPU
	EndGlobalSection
	GlobalSection(SolutionProperties) = preSolution
		HideSolutionNode = FALSE
	EndGlobalSection
	GlobalSection(ExtensibilityGlobals) = postSolution
		SolutionGuid = {43AC4452-8E2E-4811-98F9-27507A9FECEA}
	EndGlobalSection
EndGlobal
